
Microsoft Visual Studio Solution File, Format Version 12.00
# Visual Studio Version 17
VisualStudioVersion = 17.10.35122.118
MinimumVisualStudioVersion = 10.0.40219.1
Project("{9A19103F-16F7-4668-BE54-9A1E7A4F7556}") = "HW29.WebAPI", "HW29.WebAPI\HW29.WebAPI.csproj", "{E1D8C5DA-6CC9-460A-8AE3-3447CA99DDF9}"
EndProject
Project("{9A19103F-16F7-4668-BE54-9A1E7A4F7556}") = "HW29.DAL", "HW29.DAL\HW29.DAL.csproj", "{06AD92AA-F9F4-4562-B1FD-F643D1CFEDC0}"
EndProject
Project("{9A19103F-16F7-4668-BE54-9A1E7A4F7556}") = "HW29.BL", "HW29.BL\HW29.BL.csproj", "{1E13943D-917D-4AC2-8564-30FBD6F91BCD}"
EndProject
Project("{FAE04EC0-301F-11D3-BF4B-00C04F79EFBC}") = "HW29.Tests", "HW29.Tests\HW29.Tests.csproj", "{51B2EAAB-4179-40BB-BE7C-48E6B3021567}"
EndProject
Global
	GlobalSection(SolutionConfigurationPlatforms) = preSolution
		Debug|Any CPU = Debug|Any CPU
		Release|Any CPU = Release|Any CPU
	EndGlobalSection
	GlobalSection(ProjectConfigurationPlatforms) = postSolution
		{E1D8C5DA-6CC9-460A-8AE3-3447CA99DDF9}.Debug|Any CPU.ActiveCfg = Debug|Any CPU
		{E1D8C5DA-6CC9-460A-8AE3-3447CA99DDF9}.Debug|Any CPU.Build.0 = Debug|Any CPU
		{E1D8C5DA-6CC9-460A-8AE3-3447CA99DDF9}.Release|Any CPU.ActiveCfg = Release|Any CPU
		{E1D8C5DA-6CC9-460A-8AE3-3447CA99DDF9}.Release|Any CPU.Build.0 = Release|Any CPU
		{06AD92AA-F9F4-4562-B1FD-F643D1CFEDC0}.Debug|Any CPU.ActiveCfg = Debug|Any CPU
		{06AD92AA-F9F4-4562-B1FD-F643D1CFEDC0}.Debug|Any CPU.Build.0 = Debug|Any CPU
		{06AD92AA-F9F4-4562-B1FD-F643D1CFEDC0}.Release|Any CPU.ActiveCfg = Release|Any CPU
		{06AD92AA-F9F4-4562-B1FD-F643D1CFEDC0}.Release|Any CPU.Build.0 = Release|Any CPU
		{1E13943D-917D-4AC2-8564-30FBD6F91BCD}.Debug|Any CPU.ActiveCfg = Debug|Any CPU
		{1E13943D-917D-4AC2-8564-30FBD6F91BCD}.Debug|Any CPU.Build.0 = Debug|Any CPU
		{1E13943D-917D-4AC2-8564-30FBD6F91BCD}.Release|Any CPU.ActiveCfg = Release|Any CPU
		{1E13943D-917D-4AC2-8564-30FBD6F91BCD}.Release|Any CPU.Build.0 = Release|Any CPU
		{51B2EAAB-4179-40BB-BE7C-48E6B3021567}.Debug|Any CPU.ActiveCfg = Debug|Any CPU
		{51B2EAAB-4179-40BB-BE7C-48E6B3021567}.Debug|Any CPU.Build.0 = Debug|Any CPU
		{51B2EAAB-4179-40BB-BE7C-48E6B3021567}.Release|Any CPU.ActiveCfg = Release|Any CPU
		{51B2EAAB-4179-40BB-BE7C-48E6B3021567}.Release|Any CPU.Build.0 = Release|Any CPU
	EndGlobalSection
	GlobalSection(SolutionProperties) = preSolution
		HideSolutionNode = FALSE
	EndGlobalSection
	GlobalSection(ExtensibilityGlobals) = postSolution
		SolutionGuid = {145DE235-A428-4DDB-B79A-698409B76C7E}
	EndGlobalSection
EndGlobal
